
Microsoft Visual Studio Solution File, Format Version 12.00
# Visual Studio 15
VisualStudioVersion = 15.0.28010.2048
MinimumVisualStudioVersion = 10.0.40219.1
Project("{F184B08F-C81C-45F6-A57F-5ABD9991F28F}") = "Kefaa", "Kefaa\Kefaa.vbproj", "{A7DB2FF4-29B0-4D34-926E-6D8814AB43D9}"
EndProject
Global
	GlobalSection(SolutionConfigurationPlatforms) = preSolution
		Debug|Any CPU = Debug|Any CPU
		Release|Any CPU = Release|Any CPU
	EndGlobalSection
	GlobalSection(ProjectConfigurationPlatforms) = postSolution
		{A7DB2FF4-29B0-4D34-926E-6D8814AB43D9}.Debug|Any CPU.ActiveCfg = Debug|Any CPU
		{A7DB2FF4-29B0-4D34-926E-6D8814AB43D9}.Debug|Any CPU.Build.0 = Debug|Any CPU
		{A7DB2FF4-29B0-4D34-926E-6D8814AB43D9}.Release|Any CPU.ActiveCfg = Release|Any CPU
		{A7DB2FF4-29B0-4D34-926E-6D8814AB43D9}.Release|Any CPU.Build.0 = Release|Any CPU
	EndGlobalSection
	GlobalSection(SolutionProperties) = preSolution
		HideSolutionNode = FALSE
	EndGlobalSection
	GlobalSection(ExtensibilityGlobals) = postSolution
		SolutionGuid = {FF77CF0F-8D99-48E5-83B1-DD0995A9A994}
	EndGlobalSection
EndGlobal
